dependencies:
- name: postgresql
  repository: https://charts.bitnami.com/bitnami
  version: 16.7.13
- name: clickhouse
  repository: https://charts.bitnami.com/bitnami
  version: 9.2.4
digest: sha256:60620f27d1501bea894dda79017e9edebb56d1eb4bf463822496f5fde0a9c6d5
generated: "2025-06-20T00:22:08.0941244-03:00"
